{
  "originHash" : "043ed2503b4c7783022e4a9b75f024550bc01d5e001132d12c26ba0d8a6e43dd",
  "pins" : [
    {
      "identity" : "html2markdown",
      "kind" : "remoteSourceControl",
      "location" : "https://github.com/divadretlaw/HTML2Markdown",
      "state" : {
        "revision" : "fe37711094b261d9fceeaf021143002ba37e563e",
        "version" : "3.0.2"
      }
    },
    {
      "identity" : "inject",
      "kind" : "remoteSourceControl",
      "location" : "https://github.com/krzysztofzablocki/Inject.git",
      "state" : {
        "revision" : "728c56639ecb3df441d51d5bc6747329afabcfc9",
        "version" : "1.5.2"
      }
    },
    {
      "identity" : "injectionnext",
      "kind" : "remoteSourceControl",
      "location" : "https://github.com/johnno1962/InjectionNext",
      "state" : {
        "revision" : "dc3474dc65e0a8d6661932733950810bfca180a9",
        "version" : "1.2.6"
      }
    },
    {
      "identity" : "keychain-swift",
      "kind" : "remoteSourceControl",
      "location" : "https://github.com/evgenyneu/keychain-swift.git",
      "state" : {
        "revision" : "5e1b02b6a9dac2a759a1d5dbc175c86bd192a608",
        "version" : "24.0.0"
      }
    },
    {
      "identity" : "kingfisher",
      "kind" : "remoteSourceControl",
      "location" : "https://github.com/onevcat/Kingfisher",
      "state" : {
        "revision" : "e6749919f9761d573d37a7d7e78b1b854c191d7f",
        "version" : "8.1.3"
      }
    },
    {
      "identity" : "networkimage",
      "kind" : "remoteSourceControl",
      "location" : "https://github.com/gonzalezreal/NetworkImage",
      "state" : {
        "revision" : "2849f5323265386e200484b0d0f896e73c3411b9",
        "version" : "6.0.1"
      }
    },
    {
      "identity" : "swift-cmark",
      "kind" : "remoteSourceControl",
      "location" : "https://github.com/swiftlang/swift-cmark",
      "state" : {
        "revision" : "3ccff77b2dc5b96b77db3da0d68d28068593fa53",
        "version" : "0.5.0"
      }
    },
    {
      "identity" : "swift-markdown-ui",
      "kind" : "remoteSourceControl",
      "location" : "https://github.com/gonzalezreal/swift-markdown-ui",
      "state" : {
        "revision" : "5f613358148239d0292c0cef674a3c2314737f9e",
        "version" : "2.4.1"
      }
    },
    {
      "identity" : "swiftsoup",
      "kind" : "remoteSourceControl",
      "location" : "https://github.com/scinfu/SwiftSoup.git",
      "state" : {
        "revision" : "0837db354faf9c9deb710dc597046edaadf5360f",
        "version" : "2.7.6"
      }
    }
  ],
  "version" : 3
}
